
Microsoft Visual Studio Solution File, Format Version 12.00
# Visual Studio Version 16
VisualStudioVersion = 16.0.31624.102
MinimumVisualStudioVersion = 10.0.40219.1
Project("{FAE04EC0-301F-11D3-BF4B-00C04F79EFBC}") = "election2", "election2.csproj", "{99AE4A25-AD5B-40E5-B50C-ED8CFD464114}"
EndProject
Global
	GlobalSection(SolutionConfigurationPlatforms) = preSolution
		Debug|Any CPU = Debug|Any CPU
		Release|Any CPU = Release|Any CPU
	EndGlobalSection
	GlobalSection(ProjectConfigurationPlatforms) = postSolution
		{99AE4A25-AD5B-40E5-B50C-ED8CFD464114}.Debug|Any CPU.ActiveCfg = Debug|Any CPU
		{99AE4A25-AD5B-40E5-B50C-ED8CFD464114}.Debug|Any CPU.Build.0 = Debug|Any CPU
		{99AE4A25-AD5B-40E5-B50C-ED8CFD464114}.Release|Any CPU.ActiveCfg = Release|Any CPU
		{99AE4A25-AD5B-40E5-B50C-ED8CFD464114}.Release|Any CPU.Build.0 = Release|Any CPU
	EndGlobalSection
	GlobalSection(SolutionProperties) = preSolution
		HideSolutionNode = FALSE
	EndGlobalSection
	GlobalSection(ExtensibilityGlobals) = postSolution
		SolutionGuid = {5C12CD3A-2C90-4B59-A8E0-EE0E71442BF0}
	EndGlobalSection
EndGlobal
